
Microsoft Visual Studio Solution File, Format Version 12.00
# Visual Studio 15
VisualStudioVersion = 15.0.27130.2024
MinimumVisualStudioVersion = 10.0.40219.1
Project("{FAE04EC0-301F-11D3-BF4B-00C04F79EFBC}") = "mCalc", "mCalc\mCalc.csproj", "{E262F2E7-B272-4E1A-8832-C9EB51E86FFE}"
EndProject
Project("{FAE04EC0-301F-11D3-BF4B-00C04F79EFBC}") = "Coins1", "Coins1\Coins1.csproj", "{DE2BED52-838A-46EA-AEB7-6FF96D0F73A2}"
EndProject
Project("{FAE04EC0-301F-11D3-BF4B-00C04F79EFBC}") = "Coins2", "Coins2\Coins2.csproj", "{757E407E-BF58-4D2E-9D07-2CE448702A4B}"
EndProject
Project("{FAE04EC0-301F-11D3-BF4B-00C04F79EFBC}") = "mCalc.Api", "mCoin.Interfaces\mCalc.Api.csproj", "{F3E72C16-7A13-4E72-9907-02829F336D7E}"
EndProject
Project("{FAE04EC0-301F-11D3-BF4B-00C04F79EFBC}") = "Dek572.Cls", "Dek572Cls\Dek572.Cls.csproj", "{E2987275-DA5D-4B88-B448-9A2B691EEBA4}"
EndProject
Project("{FAE04EC0-301F-11D3-BF4B-00C04F79EFBC}") = "Kraken", "ClassLibrary1\Kraken.csproj", "{EBBCA1D3-5C54-47EF-A22F-5E98F416DF39}"
EndProject
Global
	GlobalSection(SolutionConfigurationPlatforms) = preSolution
		Debug|Any CPU = Debug|Any CPU
		Release|Any CPU = Release|Any CPU
	EndGlobalSection
	GlobalSection(ProjectConfigurationPlatforms) = postSolution
		{E262F2E7-B272-4E1A-8832-C9EB51E86FFE}.Debug|Any CPU.ActiveCfg = Debug|Any CPU
		{E262F2E7-B272-4E1A-8832-C9EB51E86FFE}.Debug|Any CPU.Build.0 = Debug|Any CPU
		{E262F2E7-B272-4E1A-8832-C9EB51E86FFE}.Release|Any CPU.ActiveCfg = Release|Any CPU
		{E262F2E7-B272-4E1A-8832-C9EB51E86FFE}.Release|Any CPU.Build.0 = Release|Any CPU
		{DE2BED52-838A-46EA-AEB7-6FF96D0F73A2}.Debug|Any CPU.ActiveCfg = Debug|Any CPU
		{DE2BED52-838A-46EA-AEB7-6FF96D0F73A2}.Debug|Any CPU.Build.0 = Debug|Any CPU
		{DE2BED52-838A-46EA-AEB7-6FF96D0F73A2}.Release|Any CPU.ActiveCfg = Release|Any CPU
		{DE2BED52-838A-46EA-AEB7-6FF96D0F73A2}.Release|Any CPU.Build.0 = Release|Any CPU
		{757E407E-BF58-4D2E-9D07-2CE448702A4B}.Debug|Any CPU.ActiveCfg = Debug|Any CPU
		{757E407E-BF58-4D2E-9D07-2CE448702A4B}.Debug|Any CPU.Build.0 = Debug|Any CPU
		{757E407E-BF58-4D2E-9D07-2CE448702A4B}.Release|Any CPU.ActiveCfg = Release|Any CPU
		{757E407E-BF58-4D2E-9D07-2CE448702A4B}.Release|Any CPU.Build.0 = Release|Any CPU
		{F3E72C16-7A13-4E72-9907-02829F336D7E}.Debug|Any CPU.ActiveCfg = Debug|Any CPU
		{F3E72C16-7A13-4E72-9907-02829F336D7E}.Debug|Any CPU.Build.0 = Debug|Any CPU
		{F3E72C16-7A13-4E72-9907-02829F336D7E}.Release|Any CPU.ActiveCfg = Release|Any CPU
		{F3E72C16-7A13-4E72-9907-02829F336D7E}.Release|Any CPU.Build.0 = Release|Any CPU
		{E2987275-DA5D-4B88-B448-9A2B691EEBA4}.Debug|Any CPU.ActiveCfg = Debug|Any CPU
		{E2987275-DA5D-4B88-B448-9A2B691EEBA4}.Debug|Any CPU.Build.0 = Debug|Any CPU
		{E2987275-DA5D-4B88-B448-9A2B691EEBA4}.Release|Any CPU.ActiveCfg = Release|Any CPU
		{E2987275-DA5D-4B88-B448-9A2B691EEBA4}.Release|Any CPU.Build.0 = Release|Any CPU
		{EBBCA1D3-5C54-47EF-A22F-5E98F416DF39}.Debug|Any CPU.ActiveCfg = Debug|Any CPU
		{EBBCA1D3-5C54-47EF-A22F-5E98F416DF39}.Debug|Any CPU.Build.0 = Debug|Any CPU
		{EBBCA1D3-5C54-47EF-A22F-5E98F416DF39}.Release|Any CPU.ActiveCfg = Release|Any CPU
		{EBBCA1D3-5C54-47EF-A22F-5E98F416DF39}.Release|Any CPU.Build.0 = Release|Any CPU
	EndGlobalSection
	GlobalSection(SolutionProperties) = preSolution
		HideSolutionNode = FALSE
	EndGlobalSection
	GlobalSection(ExtensibilityGlobals) = postSolution
		SolutionGuid = {E82D9AA8-8ED7-487B-86DB-8498549F4B48}
	EndGlobalSection
EndGlobal
